
Microsoft Visual Studio Solution File, Format Version 12.00
# Visual Studio 15
VisualStudioVersion = 15.0.27130.2027
MinimumVisualStudioVersion = 10.0.40219.1
Project("{FAE04EC0-301F-11D3-BF4B-00C04F79EFBC}") = "adventures_of_Yuane", "adventures_of_Yuane\adventures_of_Yuane.csproj", "{3A14C9F7-9018-47EB-8426-4DA797EFE095}"
EndProject
Global
	GlobalSection(SolutionConfigurationPlatforms) = preSolution
		Debug|Any CPU = Debug|Any CPU
		Release|Any CPU = Release|Any CPU
	EndGlobalSection
	GlobalSection(ProjectConfigurationPlatforms) = postSolution
		{3A14C9F7-9018-47EB-8426-4DA797EFE095}.Debug|Any CPU.ActiveCfg = Debug|Any CPU
		{3A14C9F7-9018-47EB-8426-4DA797EFE095}.Debug|Any CPU.Build.0 = Debug|Any CPU
		{3A14C9F7-9018-47EB-8426-4DA797EFE095}.Release|Any CPU.ActiveCfg = Release|Any CPU
		{3A14C9F7-9018-47EB-8426-4DA797EFE095}.Release|Any CPU.Build.0 = Release|Any CPU
	EndGlobalSection
	GlobalSection(SolutionProperties) = preSolution
		HideSolutionNode = FALSE
	EndGlobalSection
	GlobalSection(ExtensibilityGlobals) = postSolution
		SolutionGuid = {A572E6F3-D374-4F42-9DFE-EB41438E8B58}
	EndGlobalSection
EndGlobal
